
Microsoft Visual Studio Solution File, Format Version 12.00
# Visual Studio Version 16
VisualStudioVersion = 16.0.31424.327
MinimumVisualStudioVersion = 10.0.40219.1
Project("{FAE04EC0-301F-11D3-BF4B-00C04F79EFBC}") = "GameHangman", "GameHangman\GameHangman.csproj", "{2EDD33A7-AEE0-487F-8F5C-F26C27680D6E}"
EndProject
Global
	GlobalSection(SolutionConfigurationPlatforms) = preSolution
		Debug|Any CPU = Debug|Any CPU
		Release|Any CPU = Release|Any CPU
	EndGlobalSection
	GlobalSection(ProjectConfigurationPlatforms) = postSolution
		{2EDD33A7-AEE0-487F-8F5C-F26C27680D6E}.Debug|Any CPU.ActiveCfg = Debug|Any CPU
		{2EDD33A7-AEE0-487F-8F5C-F26C27680D6E}.Debug|Any CPU.Build.0 = Debug|Any CPU
		{2EDD33A7-AEE0-487F-8F5C-F26C27680D6E}.Debug|Any CPU.Deploy.0 = Debug|Any CPU
		{2EDD33A7-AEE0-487F-8F5C-F26C27680D6E}.Release|Any CPU.ActiveCfg = Release|Any CPU
		{2EDD33A7-AEE0-487F-8F5C-F26C27680D6E}.Release|Any CPU.Build.0 = Release|Any CPU
		{2EDD33A7-AEE0-487F-8F5C-F26C27680D6E}.Release|Any CPU.Deploy.0 = Release|Any CPU
	EndGlobalSection
	GlobalSection(SolutionProperties) = preSolution
		HideSolutionNode = FALSE
	EndGlobalSection
	GlobalSection(ExtensibilityGlobals) = postSolution
		SolutionGuid = {8C390789-2280-495E-BC39-3CFB91024536}
	EndGlobalSection
EndGlobal
